
Microsoft Visual Studio Solution File, Format Version 12.00
# Visual Studio Version 17
VisualStudioVersion = 17.6.33815.320
MinimumVisualStudioVersion = 10.0.40219.1
Project("{FAE04EC0-301F-11D3-BF4B-00C04F79EFBC}") = "ApplyLoanApplication", "ApplyLoanApplication\ApplyLoanApplication.csproj", "{BA29CDEB-24CA-4729-A4A9-BBFD750FB323}"
EndProject
Global
	GlobalSection(SolutionConfigurationPlatforms) = preSolution
		Debug|Any CPU = Debug|Any CPU
		Release|Any CPU = Release|Any CPU
	EndGlobalSection
	GlobalSection(ProjectConfigurationPlatforms) = postSolution
		{BA29CDEB-24CA-4729-A4A9-BBFD750FB323}.Debug|Any CPU.ActiveCfg = Debug|Any CPU
		{BA29CDEB-24CA-4729-A4A9-BBFD750FB323}.Debug|Any CPU.Build.0 = Debug|Any CPU
		{BA29CDEB-24CA-4729-A4A9-BBFD750FB323}.Release|Any CPU.ActiveCfg = Release|Any CPU
		{BA29CDEB-24CA-4729-A4A9-BBFD750FB323}.Release|Any CPU.Build.0 = Release|Any CPU
	EndGlobalSection
	GlobalSection(SolutionProperties) = preSolution
		HideSolutionNode = FALSE
	EndGlobalSection
	GlobalSection(ExtensibilityGlobals) = postSolution
		SolutionGuid = {BF9EE80F-1E29-4B7E-800A-90F9F24F3361}
	EndGlobalSection
EndGlobal
